<?xml version="1.0" encoding="utf-8"?>
<Project ToolsVersion="4.0" xmlns="http://schemas.microsoft.com/developer/msbuild/2003">
  <ItemGroup>
    <ClCompile Include="lidarPCH.cpp" />
    <ClCompile Include="LidarStation.cpp" />
    <ClCompile Include="MapMatch.cpp" />
    <ClCompile Include="TemplateMatch.cpp" />
    <ClCompile Include="testStation.cpp" />
  </ItemGroup>
  <ItemGroup>
    <ClInclude Include="lidarPCH.h" />
    <ClInclude Include="LidarStation.h" />
    <ClInclude Include="MapMatch.h" />
    <ClInclude Include="TemplateMatch.h" />
    <ClInclude Include="testStation.h" />
  </ItemGroup>
</Project>