<?xml version="1.0" encoding="utf-8"?>
<Project ToolsVersion="4.0" xmlns="http://schemas.microsoft.com/developer/msbuild/2003">
  <ItemGroup>
    <ClCompile Include="radarPCH.cpp" />
    <ClCompile Include="RadarStation.cpp" />
    <ClCompile Include="ConvertImgFormat.cpp" />
    <ClCompile Include="RadarLib.cpp" />
  </ItemGroup>
  <ItemGroup>
    <ClInclude Include="radarPCH.h" />
    <ClInclude Include="RadarStation.h" />
    <ClInclude Include="RadarLib.h" />
    <ClInclude Include="ConvertImgFormat.h" />
  </ItemGroup>
</Project>